
Microsoft Visual Studio Solution File, Format Version 12.00
# Visual Studio Version 16
VisualStudioVersion = 16.0.31019.35
MinimumVisualStudioVersion = 10.0.40219.1
Project("{FAE04EC0-301F-11D3-BF4B-00C04F79EFBC}") = "APIExamplewithEFCoreDB", "APIExamplewithEFCoreDB.csproj", "{93082D55-EEA5-4FB4-A251-CC5880DBDA85}"
EndProject
Global
	GlobalSection(SolutionConfigurationPlatforms) = preSolution
		Debug|Any CPU = Debug|Any CPU
		Release|Any CPU = Release|Any CPU
	EndGlobalSection
	GlobalSection(ProjectConfigurationPlatforms) = postSolution
		{93082D55-EEA5-4FB4-A251-CC5880DBDA85}.Debug|Any CPU.ActiveCfg = Debug|Any CPU
		{93082D55-EEA5-4FB4-A251-CC5880DBDA85}.Debug|Any CPU.Build.0 = Debug|Any CPU
		{93082D55-EEA5-4FB4-A251-CC5880DBDA85}.Release|Any CPU.ActiveCfg = Release|Any CPU
		{93082D55-EEA5-4FB4-A251-CC5880DBDA85}.Release|Any CPU.Build.0 = Release|Any CPU
	EndGlobalSection
	GlobalSection(SolutionProperties) = preSolution
		HideSolutionNode = FALSE
	EndGlobalSection
	GlobalSection(ExtensibilityGlobals) = postSolution
		SolutionGuid = {9FD237E6-E4ED-4D1D-A2AA-6933563E99FC}
	EndGlobalSection
EndGlobal
